
Microsoft Visual Studio Solution File, Format Version 12.00
# Visual Studio 15
VisualStudioVersion = 15.0.28307.645
MinimumVisualStudioVersion = 10.0.40219.1
Project("{FAE04EC0-301F-11D3-BF4B-00C04F79EFBC}") = "hola", "hola\hola.csproj", "{7A780E73-D0CE-434E-9989-682A9C82DDF9}"
EndProject
Global
	GlobalSection(SolutionConfigurationPlatforms) = preSolution
		Debug|Any CPU = Debug|Any CPU
		Release|Any CPU = Release|Any CPU
	EndGlobalSection
	GlobalSection(ProjectConfigurationPlatforms) = postSolution
		{7A780E73-D0CE-434E-9989-682A9C82DDF9}.Debug|Any CPU.ActiveCfg = Debug|Any CPU
		{7A780E73-D0CE-434E-9989-682A9C82DDF9}.Debug|Any CPU.Build.0 = Debug|Any CPU
		{7A780E73-D0CE-434E-9989-682A9C82DDF9}.Release|Any CPU.ActiveCfg = Release|Any CPU
		{7A780E73-D0CE-434E-9989-682A9C82DDF9}.Release|Any CPU.Build.0 = Release|Any CPU
	EndGlobalSection
	GlobalSection(SolutionProperties) = preSolution
		HideSolutionNode = FALSE
	EndGlobalSection
	GlobalSection(ExtensibilityGlobals) = postSolution
		SolutionGuid = {71585BB1-48E5-4D7E-A324-E69464C3F167}
	EndGlobalSection
EndGlobal
